
Microsoft Visual Studio Solution File, Format Version 12.00
Project("{FAE04EC0-301F-11D3-BF4B-00C04F79EFBC}") = "SH.PetShop.UI", "SH.PetShop.UI\SH.PetShop.UI.csproj", "{DD3C6090-8F71-489C-8492-19AFA703A80B}"
EndProject
Project("{2150E333-8FDC-42A3-9474-1A3956D46DE8}") = "Core", "Core", "{52AF413C-89A7-4F52-8A05-26E5CB3621C4}"
EndProject
Project("{2150E333-8FDC-42A3-9474-1A3956D46DE8}") = "Infrastructure", "Infrastructure", "{97B277C5-B2DD-4D03-8859-53DB145509F6}"
EndProject
Project("{2150E333-8FDC-42A3-9474-1A3956D46DE8}") = "UI", "UI", "{10A18BC9-CADE-41C7-B4E1-29D05F06A30C}"
EndProject
Project("{FAE04EC0-301F-11D3-BF4B-00C04F79EFBC}") = "SH.PetShop.Core", "SH.PetShop.Core\SH.PetShop.Core.csproj", "{B652D1DD-8BA0-41E9-8CAA-64F74A686333}"
EndProject
Project("{FAE04EC0-301F-11D3-BF4B-00C04F79EFBC}") = "SH.PetShop.Domain", "SH.PetShop.Domain\SH.PetShop.Domain.csproj", "{B57127D6-0698-4578-9DA5-FAFE2CAF3243}"
EndProject
Project("{FAE04EC0-301F-11D3-BF4B-00C04F79EFBC}") = "SH.PetShop.Infrastructure.Data", "SH.PetShop.Infrastructure.Data\SH.PetShop.Infrastructure.Data.csproj", "{DF3FC38E-71E0-4E8D-B297-257BBA5F48E9}"
EndProject
Global
	GlobalSection(SolutionConfigurationPlatforms) = preSolution
		Debug|Any CPU = Debug|Any CPU
		Release|Any CPU = Release|Any CPU
	EndGlobalSection
	GlobalSection(ProjectConfigurationPlatforms) = postSolution
		{DD3C6090-8F71-489C-8492-19AFA703A80B}.Debug|Any CPU.ActiveCfg = Debug|Any CPU
		{DD3C6090-8F71-489C-8492-19AFA703A80B}.Debug|Any CPU.Build.0 = Debug|Any CPU
		{DD3C6090-8F71-489C-8492-19AFA703A80B}.Release|Any CPU.ActiveCfg = Release|Any CPU
		{DD3C6090-8F71-489C-8492-19AFA703A80B}.Release|Any CPU.Build.0 = Release|Any CPU
		{B652D1DD-8BA0-41E9-8CAA-64F74A686333}.Debug|Any CPU.ActiveCfg = Debug|Any CPU
		{B652D1DD-8BA0-41E9-8CAA-64F74A686333}.Debug|Any CPU.Build.0 = Debug|Any CPU
		{B652D1DD-8BA0-41E9-8CAA-64F74A686333}.Release|Any CPU.ActiveCfg = Release|Any CPU
		{B652D1DD-8BA0-41E9-8CAA-64F74A686333}.Release|Any CPU.Build.0 = Release|Any CPU
		{B57127D6-0698-4578-9DA5-FAFE2CAF3243}.Debug|Any CPU.ActiveCfg = Debug|Any CPU
		{B57127D6-0698-4578-9DA5-FAFE2CAF3243}.Debug|Any CPU.Build.0 = Debug|Any CPU
		{B57127D6-0698-4578-9DA5-FAFE2CAF3243}.Release|Any CPU.ActiveCfg = Release|Any CPU
		{B57127D6-0698-4578-9DA5-FAFE2CAF3243}.Release|Any CPU.Build.0 = Release|Any CPU
		{DF3FC38E-71E0-4E8D-B297-257BBA5F48E9}.Debug|Any CPU.ActiveCfg = Debug|Any CPU
		{DF3FC38E-71E0-4E8D-B297-257BBA5F48E9}.Debug|Any CPU.Build.0 = Debug|Any CPU
		{DF3FC38E-71E0-4E8D-B297-257BBA5F48E9}.Release|Any CPU.ActiveCfg = Release|Any CPU
		{DF3FC38E-71E0-4E8D-B297-257BBA5F48E9}.Release|Any CPU.Build.0 = Release|Any CPU
	EndGlobalSection
	GlobalSection(NestedProjects) = preSolution
		{DD3C6090-8F71-489C-8492-19AFA703A80B} = {10A18BC9-CADE-41C7-B4E1-29D05F06A30C}
		{B652D1DD-8BA0-41E9-8CAA-64F74A686333} = {52AF413C-89A7-4F52-8A05-26E5CB3621C4}
		{B57127D6-0698-4578-9DA5-FAFE2CAF3243} = {52AF413C-89A7-4F52-8A05-26E5CB3621C4}
		{DF3FC38E-71E0-4E8D-B297-257BBA5F48E9} = {97B277C5-B2DD-4D03-8859-53DB145509F6}
	EndGlobalSection
EndGlobal
